
Microsoft Visual Studio Solution File, Format Version 12.00
# Visual Studio Version 16
VisualStudioVersion = 16.0.30309.148
MinimumVisualStudioVersion = 10.0.40219.1
Project("{9A19103F-16F7-4668-BE54-9A1E7A4F7556}") = "01 JavaScript Introduction", "01 JavaScript Introduction\01 JavaScript Introduction.csproj", "{C2EDC197-1979-46A2-9265-9C7444E12FF0}"
EndProject
Project("{FAE04EC0-301F-11D3-BF4B-00C04F79EFBC}") = "00 Presentations", "00 Presentations\00 Presentations.csproj", "{5C31F7FC-4C74-459D-A50C-C283154EDE29}"
EndProject
Project("{9A19103F-16F7-4668-BE54-9A1E7A4F7556}") = "02 HTML Basics", "02 HTML Basics\02 HTML Basics.csproj", "{B19A574E-AA63-459F-91A6-D244E7AB9895}"
EndProject
Project("{FAE04EC0-301F-11D3-BF4B-00C04F79EFBC}") = "03 CSS Basics", "03 CSS Basics\03 CSS Basics.csproj", "{8284BD0B-B29F-4A70-B85E-B4AA44434415}"
EndProject
Global
	GlobalSection(SolutionConfigurationPlatforms) = preSolution
		Debug|Any CPU = Debug|Any CPU
		Release|Any CPU = Release|Any CPU
	EndGlobalSection
	GlobalSection(ProjectConfigurationPlatforms) = postSolution
		{C2EDC197-1979-46A2-9265-9C7444E12FF0}.Debug|Any CPU.ActiveCfg = Debug|Any CPU
		{C2EDC197-1979-46A2-9265-9C7444E12FF0}.Debug|Any CPU.Build.0 = Debug|Any CPU
		{C2EDC197-1979-46A2-9265-9C7444E12FF0}.Release|Any CPU.ActiveCfg = Release|Any CPU
		{C2EDC197-1979-46A2-9265-9C7444E12FF0}.Release|Any CPU.Build.0 = Release|Any CPU
		{5C31F7FC-4C74-459D-A50C-C283154EDE29}.Debug|Any CPU.ActiveCfg = Debug|Any CPU
		{5C31F7FC-4C74-459D-A50C-C283154EDE29}.Debug|Any CPU.Build.0 = Debug|Any CPU
		{5C31F7FC-4C74-459D-A50C-C283154EDE29}.Release|Any CPU.ActiveCfg = Release|Any CPU
		{5C31F7FC-4C74-459D-A50C-C283154EDE29}.Release|Any CPU.Build.0 = Release|Any CPU
		{B19A574E-AA63-459F-91A6-D244E7AB9895}.Debug|Any CPU.ActiveCfg = Debug|Any CPU
		{B19A574E-AA63-459F-91A6-D244E7AB9895}.Debug|Any CPU.Build.0 = Debug|Any CPU
		{B19A574E-AA63-459F-91A6-D244E7AB9895}.Release|Any CPU.ActiveCfg = Release|Any CPU
		{B19A574E-AA63-459F-91A6-D244E7AB9895}.Release|Any CPU.Build.0 = Release|Any CPU
		{8284BD0B-B29F-4A70-B85E-B4AA44434415}.Debug|Any CPU.ActiveCfg = Debug|Any CPU
		{8284BD0B-B29F-4A70-B85E-B4AA44434415}.Debug|Any CPU.Build.0 = Debug|Any CPU
		{8284BD0B-B29F-4A70-B85E-B4AA44434415}.Release|Any CPU.ActiveCfg = Release|Any CPU
		{8284BD0B-B29F-4A70-B85E-B4AA44434415}.Release|Any CPU.Build.0 = Release|Any CPU
	EndGlobalSection
	GlobalSection(SolutionProperties) = preSolution
		HideSolutionNode = FALSE
	EndGlobalSection
	GlobalSection(ExtensibilityGlobals) = postSolution
		SolutionGuid = {6FFDF9E8-2C7F-49C2-BEC6-DC19BB8B609B}
	EndGlobalSection
EndGlobal
